<?xml version="1.0" encoding="utf-8"?>
<Project ToolsVersion="4.0" xmlns="http://schemas.microsoft.com/developer/msbuild/2003">
  <ItemGroup>
    <Filter Include="Quelldateien">
      <UniqueIdentifier>{4FC737F1-C7A5-4376-A066-2A32D752A2FF}</UniqueIdentifier>
      <Extensions>cpp;c;cc;cxx;def;odl;idl;hpj;bat;asm;asmx</Extensions>
    </Filter>
    <Filter Include="Headerdateien">
      <UniqueIdentifier>{93995380-89BD-4b04-88EB-625FBE52EBFB}</UniqueIdentifier>
      <Extensions>h;hh;hpp;hxx;hm;inl;inc;xsd</Extensions>
    </Filter>
    <Filter Include="Ressourcendateien">
      <UniqueIdentifier>{67DA6AB6-F800-4c08-8B7A-83BB121AAD01}</UniqueIdentifier>
      <Extensions>rc;ico;cur;bmp;dlg;rc2;rct;bin;rgs;gif;jpg;jpeg;jpe;resx;tiff;tif;png;wav;mfcribbon-ms</Extensions>
    </Filter>
    <Filter Include="Headerdateien\vauth">
      <UniqueIdentifier>{ca55dc13-623c-4c15-a583-3402f099ba0f}</UniqueIdentifier>
    </Filter>
    <Filter Include="Headerdateien\vtls">
      <UniqueIdentifier>{903bfce2-f3e4-4c6a-8fa1-531ed52d781e}</UniqueIdentifier>
    </Filter>
    <Filter Include="Quelldateien\vauth">
      <UniqueIdentifier>{2fe0bdef-e31c-4594-8a66-54468d56ea42}</UniqueIdentifier>
    </Filter>
    <Filter Include="Quelldateien\vtls">
      <UniqueIdentifier>{e2c4410c-428b-444c-a824-67b8890a9adb}</UniqueIdentifier>
    </Filter>
    <Filter Include="Quelldateien\vquic">
      <UniqueIdentifier>{f4dbe088-ab6c-469c-92eb-8dee29af0690}</UniqueIdentifier>
    </Filter>
    <Filter Include="Quelldateien\vssh">
      <UniqueIdentifier>{f6490e49-c2d6-480e-bac6-77d6b9faedb7}</UniqueIdentifier>
    </Filter>
    <Filter Include="Headerdateien\vquic">
      <UniqueIdentifier>{fe127adf-a097-4a86-8cbf-93ec72fa04eb}</UniqueIdentifier>
    </Filter>
    <Filter Include="Headerdateien\vssh">
      <UniqueIdentifier>{9aa20b23-178a-449c-8e66-84a21bcc6da0}</UniqueIdentifier>
    </Filter>
  </ItemGroup>
  <ItemGroup>
    <ClCompile Include="..\..\..\libraries\libcurl\vtls\gtls.c">
      <Filter>Quelldateien\vtls</Filter>
    </ClCompile>
    <ClCompile Include="..\..\..\libraries\libcurl\vtls\mbedtls.c">
      <Filter>Quelldateien\vtls</Filter>
    </ClCompile>
    <ClCompile Include="..\..\..\libraries\libcurl\vtls\openssl.c">
      <Filter>Quelldateien\vtls</Filter>
    </ClCompile>
    <ClCompile Include="..\..\..\libraries\libcurl\vtls\schannel.c">
      <Filter>Quelldateien\vtls</Filter>
    </ClCompile>
    <ClCompile Include="..\..\..\libraries\libcurl\vtls\vtls.c">
      <Filter>Quelldateien\vtls</Filter>
    </ClCompile>
    <ClCompile Include="..\..\..\libraries\libcurl\vauth\cleartext.c">
      <Filter>Quelldateien\vauth</Filter>
    </ClCompile>
    <ClCompile Include="..\..\..\libraries\libcurl\vauth\cram.c">
      <Filter>Quelldateien\vauth</Filter>
    </ClCompile>
    <ClCompile Include="..\..\..\libraries\libcurl\vauth\digest.c">
      <Filter>Quelldateien\vauth</Filter>
    </ClCompile>
    <ClCompile Include="..\..\..\libraries\libcurl\vauth\digest_sspi.c">
      <Filter>Quelldateien\vauth</Filter>
    </ClCompile>
    <ClCompile Include="..\..\..\libraries\libcurl\vauth\krb5_gssapi.c">
      <Filter>Quelldateien\vauth</Filter>
    </ClCompile>
    <ClCompile Include="..\..\..\libraries\libcurl\vauth\krb5_sspi.c">
      <Filter>Quelldateien\vauth</Filter>
    </ClCompile>
    <ClCompile Include="..\..\..\libraries\libcurl\vauth\ntlm.c">
      <Filter>Quelldateien\vauth</Filter>
    </ClCompile>
    <ClCompile Include="..\..\..\libraries\libcurl\vauth\ntlm_sspi.c">
      <Filter>Quelldateien\vauth</Filter>
    </ClCompile>
    <ClCompile Include="..\..\..\libraries\libcurl\vauth\oauth2.c">
      <Filter>Quelldateien\vauth</Filter>
    </ClCompile>
    <ClCompile Include="..\..\..\libraries\libcurl\vauth\spnego_gssapi.c">
      <Filter>Quelldateien\vauth</Filter>
    </ClCompile>
    <ClCompile Include="..\..\..\libraries\libcurl\vauth\spnego_sspi.c">
      <Filter>Quelldateien\vauth</Filter>
    </ClCompile>
    <ClCompile Include="..\..\..\libraries\libcurl\vauth\vauth.c">
      <Filter>Quelldateien\vauth</Filter>
    </ClCompile>
    <ClCompile Include="..\..\..\libraries\libcurl\asyn-ares.c">
      <Filter>Quelldateien</Filter>
    </ClCompile>
    <ClCompile Include="..\..\..\libraries\libcurl\asyn-thread.c">
      <Filter>Quelldateien</Filter>
    </ClCompile>
    <ClCompile Include="..\..\..\libraries\libcurl\base64.c">
      <Filter>Quelldateien</Filter>
    </ClCompile>
    <ClCompile Include="..\..\..\libraries\libcurl\conncache.c">
      <Filter>Quelldateien</Filter>
    </ClCompile>
    <ClCompile Include="..\..\..\libraries\libcurl\connect.c">
      <Filter>Quelldateien</Filter>
    </ClCompile>
    <ClCompile Include="..\..\..\libraries\libcurl\content_encoding.c">
      <Filter>Quelldateien</Filter>
    </ClCompile>
    <ClCompile Include="..\..\..\libraries\libcurl\cookie.c">
      <Filter>Quelldateien</Filter>
    </ClCompile>
    <ClCompile Include="..\..\..\libraries\libcurl\curl_addrinfo.c">
      <Filter>Quelldateien</Filter>
    </ClCompile>
    <ClCompile Include="..\..\..\libraries\libcurl\curl_des.c">
      <Filter>Quelldateien</Filter>
    </ClCompile>
    <ClCompile Include="..\..\..\libraries\libcurl\curl_endian.c">
      <Filter>Quelldateien</Filter>
    </ClCompile>
    <ClCompile Include="..\..\..\libraries\libcurl\curl_fnmatch.c">
      <Filter>Quelldateien</Filter>
    </ClCompile>
    <ClCompile Include="..\..\..\libraries\libcurl\curl_gethostname.c">
      <Filter>Quelldateien</Filter>
    </ClCompile>
    <ClCompile Include="..\..\..\libraries\libcurl\curl_gssapi.c">
      <Filter>Quelldateien</Filter>
    </ClCompile>
    <ClCompile Include="..\..\..\libraries\libcurl\curl_memrchr.c">
      <Filter>Quelldateien</Filter>
    </ClCompile>
    <ClCompile Include="..\..\..\libraries\libcurl\curl_multibyte.c">
      <Filter>Quelldateien</Filter>
    </ClCompile>
    <ClCompile Include="..\..\..\libraries\libcurl\curl_ntlm_core.c">
      <Filter>Quelldateien</Filter>
    </ClCompile>
    <ClCompile Include="..\..\..\libraries\libcurl\curl_ntlm_wb.c">
      <Filter>Quelldateien</Filter>
    </ClCompile>
    <ClCompile Include="..\..\..\libraries\libcurl\curl_rtmp.c">
      <Filter>Quelldateien</Filter>
    </ClCompile>
    <ClCompile Include="..\..\..\libraries\libcurl\curl_sasl.c">
      <Filter>Quelldateien</Filter>
    </ClCompile>
    <ClCompile Include="..\..\..\libraries\libcurl\curl_sspi.c">
      <Filter>Quelldateien</Filter>
    </ClCompile>
    <ClCompile Include="..\..\..\libraries\libcurl\curl_threads.c">
      <Filter>Quelldateien</Filter>
    </ClCompile>
    <ClCompile Include="..\..\..\libraries\libcurl\dict.c">
      <Filter>Quelldateien</Filter>
    </ClCompile>
    <ClCompile Include="..\..\..\libraries\libcurl\easy.c">
      <Filter>Quelldateien</Filter>
    </ClCompile>
    <ClCompile Include="..\..\..\libraries\libcurl\escape.c">
      <Filter>Quelldateien</Filter>
    </ClCompile>
    <ClCompile Include="..\..\..\libraries\libcurl\file.c">
      <Filter>Quelldateien</Filter>
    </ClCompile>
    <ClCompile Include="..\..\..\libraries\libcurl\fileinfo.c">
      <Filter>Quelldateien</Filter>
    </ClCompile>
    <ClCompile Include="..\..\..\libraries\libcurl\formdata.c">
      <Filter>Quelldateien</Filter>
    </ClCompile>
    <ClCompile Include="..\..\..\libraries\libcurl\ftp.c">
      <Filter>Quelldateien</Filter>
    </ClCompile>
    <ClCompile Include="..\..\..\libraries\libcurl\ftplistparser.c">
      <Filter>Quelldateien</Filter>
    </ClCompile>
    <ClCompile Include="..\..\..\libraries\libcurl\getenv.c">
      <Filter>Quelldateien</Filter>
    </ClCompile>
    <ClCompile Include="..\..\..\libraries\libcurl\getinfo.c">
      <Filter>Quelldateien</Filter>
    </ClCompile>
    <ClCompile Include="..\..\..\libraries\libcurl\gopher.c">
      <Filter>Quelldateien</Filter>
    </ClCompile>
    <ClCompile Include="..\..\..\libraries\libcurl\hash.c">
      <Filter>Quelldateien</Filter>
    </ClCompile>
    <ClCompile Include="..\..\..\libraries\libcurl\hmac.c">
      <Filter>Quelldateien</Filter>
    </ClCompile>
    <ClCompile Include="..\..\..\libraries\libcurl\hostasyn.c">
      <Filter>Quelldateien</Filter>
    </ClCompile>
    <ClCompile Include="..\..\..\libraries\libcurl\hostip.c">
      <Filter>Quelldateien</Filter>
    </ClCompile>
    <ClCompile Include="..\..\..\libraries\libcurl\hostip4.c">
      <Filter>Quelldateien</Filter>
    </ClCompile>
    <ClCompile Include="..\..\..\libraries\libcurl\hostip6.c">
      <Filter>Quelldateien</Filter>
    </ClCompile>
    <ClCompile Include="..\..\..\libraries\libcurl\hostsyn.c">
      <Filter>Quelldateien</Filter>
    </ClCompile>
    <ClCompile Include="..\..\..\libraries\libcurl\http.c">
      <Filter>Quelldateien</Filter>
    </ClCompile>
    <ClCompile Include="..\..\..\libraries\libcurl\http_chunks.c">
      <Filter>Quelldateien</Filter>
    </ClCompile>
    <ClCompile Include="..\..\..\libraries\libcurl\http_digest.c">
      <Filter>Quelldateien</Filter>
    </ClCompile>
    <ClCompile Include="..\..\..\libraries\libcurl\http_negotiate.c">
      <Filter>Quelldateien</Filter>
    </ClCompile>
    <ClCompile Include="..\..\..\libraries\libcurl\http_ntlm.c">
      <Filter>Quelldateien</Filter>
    </ClCompile>
    <ClCompile Include="..\..\..\libraries\libcurl\http_proxy.c">
      <Filter>Quelldateien</Filter>
    </ClCompile>
    <ClCompile Include="..\..\..\libraries\libcurl\http2.c">
      <Filter>Quelldateien</Filter>
    </ClCompile>
    <ClCompile Include="..\..\..\libraries\libcurl\if2ip.c">
      <Filter>Quelldateien</Filter>
    </ClCompile>
    <ClCompile Include="..\..\..\libraries\libcurl\imap.c">
      <Filter>Quelldateien</Filter>
    </ClCompile>
    <ClCompile Include="..\..\..\libraries\libcurl\inet_ntop.c">
      <Filter>Quelldateien</Filter>
    </ClCompile>
    <ClCompile Include="..\..\..\libraries\libcurl\inet_pton.c">
      <Filter>Quelldateien</Filter>
    </ClCompile>
    <ClCompile Include="..\..\..\libraries\libcurl\krb5.c">
      <Filter>Quelldateien</Filter>
    </ClCompile>
    <ClCompile Include="..\..\..\libraries\libcurl\ldap.c">
      <Filter>Quelldateien</Filter>
    </ClCompile>
    <ClCompile Include="..\..\..\libraries\libcurl\llist.c">
      <Filter>Quelldateien</Filter>
    </ClCompile>
    <ClCompile Include="..\..\..\libraries\libcurl\md4.c">
      <Filter>Quelldateien</Filter>
    </ClCompile>
    <ClCompile Include="..\..\..\libraries\libcurl\md5.c">
      <Filter>Quelldateien</Filter>
    </ClCompile>
    <ClCompile Include="..\..\..\libraries\libcurl\memdebug.c">
      <Filter>Quelldateien</Filter>
    </ClCompile>
    <ClCompile Include="..\..\..\libraries\libcurl\mprintf.c">
      <Filter>Quelldateien</Filter>
    </ClCompile>
    <ClCompile Include="..\..\..\libraries\libcurl\multi.c">
      <Filter>Quelldateien</Filter>
    </ClCompile>
    <ClCompile Include="..\..\..\libraries\libcurl\netrc.c">
      <Filter>Quelldateien</Filter>
    </ClCompile>
    <ClCompile Include="..\..\..\libraries\libcurl\nonblock.c">
      <Filter>Quelldateien</Filter>
    </ClCompile>
    <ClCompile Include="..\..\..\libraries\libcurl\openldap.c">
      <Filter>Quelldateien</Filter>
    </ClCompile>
    <ClCompile Include="..\..\..\libraries\libcurl\parsedate.c">
      <Filter>Quelldateien</Filter>
    </ClCompile>
    <ClCompile Include="..\..\..\libraries\libcurl\pingpong.c">
      <Filter>Quelldateien</Filter>
    </ClCompile>
    <ClCompile Include="..\..\..\libraries\libcurl\pop3.c">
      <Filter>Quelldateien</Filter>
    </ClCompile>
    <ClCompile Include="..\..\..\libraries\libcurl\progress.c">
      <Filter>Quelldateien</Filter>
    </ClCompile>
    <ClCompile Include="..\..\..\libraries\libcurl\rand.c">
      <Filter>Quelldateien</Filter>
    </ClCompile>
    <ClCompile Include="..\..\..\libraries\libcurl\rtsp.c">
      <Filter>Quelldateien</Filter>
    </ClCompile>
    <ClCompile Include="..\..\..\libraries\libcurl\select.c">
      <Filter>Quelldateien</Filter>
    </ClCompile>
    <ClCompile Include="..\..\..\libraries\libcurl\sendf.c">
      <Filter>Quelldateien</Filter>
    </ClCompile>
    <ClCompile Include="..\..\..\libraries\libcurl\share.c">
      <Filter>Quelldateien</Filter>
    </ClCompile>
    <ClCompile Include="..\..\..\libraries\libcurl\slist.c">
      <Filter>Quelldateien</Filter>
    </ClCompile>
    <ClCompile Include="..\..\..\libraries\libcurl\smb.c">
      <Filter>Quelldateien</Filter>
    </ClCompile>
    <ClCompile Include="..\..\..\libraries\libcurl\smtp.c">
      <Filter>Quelldateien</Filter>
    </ClCompile>
    <ClCompile Include="..\..\..\libraries\libcurl\socks.c">
      <Filter>Quelldateien</Filter>
    </ClCompile>
    <ClCompile Include="..\..\..\libraries\libcurl\socks_gssapi.c">
      <Filter>Quelldateien</Filter>
    </ClCompile>
    <ClCompile Include="..\..\..\libraries\libcurl\socks_sspi.c">
      <Filter>Quelldateien</Filter>
    </ClCompile>
    <ClCompile Include="..\..\..\libraries\libcurl\speedcheck.c">
      <Filter>Quelldateien</Filter>
    </ClCompile>
    <ClCompile Include="..\..\..\libraries\libcurl\splay.c">
      <Filter>Quelldateien</Filter>
    </ClCompile>
    <ClCompile Include="..\..\..\libraries\libcurl\strcase.c">
      <Filter>Quelldateien</Filter>
    </ClCompile>
    <ClCompile Include="..\..\..\libraries\libcurl\strdup.c">
      <Filter>Quelldateien</Filter>
    </ClCompile>
    <ClCompile Include="..\..\..\libraries\libcurl\strerror.c">
      <Filter>Quelldateien</Filter>
    </ClCompile>
    <ClCompile Include="..\..\..\libraries\libcurl\strtok.c">
      <Filter>Quelldateien</Filter>
    </ClCompile>
    <ClCompile Include="..\..\..\libraries\libcurl\strtoofft.c">
      <Filter>Quelldateien</Filter>
    </ClCompile>
    <ClCompile Include="..\..\..\libraries\libcurl\system_win32.c">
      <Filter>Quelldateien</Filter>
    </ClCompile>
    <ClCompile Include="..\..\..\libraries\libcurl\telnet.c">
      <Filter>Quelldateien</Filter>
    </ClCompile>
    <ClCompile Include="..\..\..\libraries\libcurl\tftp.c">
      <Filter>Quelldateien</Filter>
    </ClCompile>
    <ClCompile Include="..\..\..\libraries\libcurl\timeval.c">
      <Filter>Quelldateien</Filter>
    </ClCompile>
    <ClCompile Include="..\..\..\libraries\libcurl\transfer.c">
      <Filter>Quelldateien</Filter>
    </ClCompile>
    <ClCompile Include="..\..\..\libraries\libcurl\url.c">
      <Filter>Quelldateien</Filter>
    </ClCompile>
    <ClCompile Include="..\..\..\libraries\libcurl\version.c">
      <Filter>Quelldateien</Filter>
    </ClCompile>
    <ClCompile Include="..\..\..\libraries\libcurl\warnless.c">
      <Filter>Quelldateien</Filter>
    </ClCompile>
    <ClCompile Include="..\..\..\libraries\libcurl\mime.c">
      <Filter>Quelldateien</Filter>
    </ClCompile>
    <ClCompile Include="..\..\..\libraries\libcurl\vtls\bearssl.c">
      <Filter>Quelldateien\vtls</Filter>
    </ClCompile>
    <ClCompile Include="..\..\..\libraries\libcurl\vtls\schannel_verify.c">
      <Filter>Quelldateien\vtls</Filter>
    </ClCompile>
    <ClCompile Include="..\..\..\libraries\libcurl\vtls\sectransp.c">
      <Filter>Quelldateien\vtls</Filter>
    </ClCompile>
    <ClCompile Include="..\..\..\libraries\libcurl\vtls\wolfssl.c">
      <Filter>Quelldateien\vtls</Filter>
    </ClCompile>
    <ClCompile Include="..\..\..\libraries\libcurl\vssh\libssh.c">
      <Filter>Quelldateien\vssh</Filter>
    </ClCompile>
    <ClCompile Include="..\..\..\libraries\libcurl\vssh\libssh2.c">
      <Filter>Quelldateien\vssh</Filter>
    </ClCompile>
    <ClCompile Include="..\..\..\libraries\libcurl\altsvc.c">
      <Filter>Quelldateien</Filter>
    </ClCompile>
    <ClCompile Include="..\..\..\libraries\libcurl\curl_get_line.c">
      <Filter>Quelldateien</Filter>
    </ClCompile>
    <ClCompile Include="..\..\..\libraries\libcurl\curl_path.c">
      <Filter>Quelldateien</Filter>
    </ClCompile>
    <ClCompile Include="..\..\..\libraries\libcurl\curl_range.c">
      <Filter>Quelldateien</Filter>
    </ClCompile>
    <ClCompile Include="..\..\..\libraries\libcurl\doh.c">
      <Filter>Quelldateien</Filter>
    </ClCompile>
    <ClCompile Include="..\..\..\libraries\libcurl\psl.c">
      <Filter>Quelldateien</Filter>
    </ClCompile>
    <ClCompile Include="..\..\..\libraries\libcurl\setopt.c">
      <Filter>Quelldateien</Filter>
    </ClCompile>
    <ClCompile Include="..\..\..\libraries\libcurl\sha256.c">
      <Filter>Quelldateien</Filter>
    </ClCompile>
    <ClCompile Include="..\..\..\libraries\libcurl\socketpair.c">
      <Filter>Quelldateien</Filter>
    </ClCompile>
    <ClCompile Include="..\..\..\libraries\libcurl\urlapi.c">
      <Filter>Quelldateien</Filter>
    </ClCompile>
    <ClCompile Include="..\..\..\libraries\libcurl\dynbuf.c">
      <Filter>Quelldateien</Filter>
    </ClCompile>
    <ClCompile Include="..\..\..\libraries\libcurl\easygetopt.c">
      <Filter>Quelldateien</Filter>
    </ClCompile>
    <ClCompile Include="..\..\..\libraries\libcurl\easyoptions.c">
      <Filter>Quelldateien</Filter>
    </ClCompile>
    <ClCompile Include="..\..\..\libraries\libcurl\mqtt.c">
      <Filter>Quelldateien</Filter>
    </ClCompile>
    <ClCompile Include="..\..\..\libraries\libcurl\rename.c">
      <Filter>Quelldateien</Filter>
    </ClCompile>
    <ClCompile Include="..\..\..\libraries\libcurl\vssh\wolfssh.c">
      <Filter>Quelldateien\vssh</Filter>
    </ClCompile>
    <ClCompile Include="..\..\..\libraries\libcurl\vquic\vquic.c">
      <Filter>Quelldateien\vquic</Filter>
    </ClCompile>
    <ClCompile Include="..\..\..\libraries\libcurl\version_win32.c">
      <Filter>Quelldateien</Filter>
    </ClCompile>
    <ClCompile Include="..\..\..\libraries\libcurl\vtls\keylog.c">
      <Filter>Quelldateien\vtls</Filter>
    </ClCompile>
    <ClCompile Include="..\..\..\libraries\libcurl\vtls\mbedtls_threadlock.c">
      <Filter>Quelldateien\vtls</Filter>
    </ClCompile>
    <ClCompile Include="..\..\..\libraries\libcurl\c-hyper.c">
      <Filter>Quelldateien</Filter>
    </ClCompile>
    <ClCompile Include="..\..\..\libraries\libcurl\hsts.c">
      <Filter>Quelldateien</Filter>
    </ClCompile>
    <ClCompile Include="..\..\..\libraries\libcurl\http_aws_sigv4.c">
      <Filter>Quelldateien</Filter>
    </ClCompile>
    <ClCompile Include="..\..\..\libraries\libcurl\vtls\rustls.c">
      <Filter>Quelldateien\vtls</Filter>
    </ClCompile>
    <ClCompile Include="..\..\..\libraries\libcurl\vauth\gsasl.c">
      <Filter>Quelldateien\vauth</Filter>
    </ClCompile>
    <ClCompile Include="..\..\..\libraries\libcurl\bufref.c">
      <Filter>Quelldateien</Filter>
    </ClCompile>
    <ClCompile Include="..\..\..\libraries\libcurl\vtls\hostcheck.c">
      <Filter>Quelldateien\vtls</Filter>
    </ClCompile>
    <ClCompile Include="..\..\..\libraries\libcurl\vtls\x509asn1.c">
      <Filter>Quelldateien\vtls</Filter>
    </ClCompile>
    <ClCompile Include="..\..\..\libraries\libcurl\cfilters.c">
      <Filter>Quelldateien</Filter>
    </ClCompile>
    <ClCompile Include="..\..\..\libraries\libcurl\fopen.c">
      <Filter>Quelldateien</Filter>
    </ClCompile>
    <ClCompile Include="..\..\..\libraries\libcurl\idn.c">
      <Filter>Quelldateien</Filter>
    </ClCompile>
    <ClCompile Include="..\..\..\libraries\libcurl\timediff.c">
      <Filter>Quelldateien</Filter>
    </ClCompile>
    <ClCompile Include="..\..\..\libraries\libcurl\ws.c">
      <Filter>Quelldateien</Filter>
    </ClCompile>
    <ClCompile Include="..\..\..\libraries\libcurl\headers.c">
      <Filter>Quelldateien</Filter>
    </ClCompile>
    <ClCompile Include="..\..\..\libraries\libcurl\noproxy.c">
      <Filter>Quelldateien</Filter>
    </ClCompile>
    <ClCompile Include="..\..\..\libraries\libcurl\vquic\curl_msh3.c">
      <Filter>Quelldateien\vquic</Filter>
    </ClCompile>
    <ClCompile Include="..\..\..\libraries\libcurl\vquic\curl_ngtcp2.c">
      <Filter>Quelldateien\vquic</Filter>
    </ClCompile>
    <ClCompile Include="..\..\..\libraries\libcurl\vquic\curl_quiche.c">
      <Filter>Quelldateien\vquic</Filter>
    </ClCompile>
    <ClCompile Include="..\..\..\libraries\libcurl\bufq.c">
      <Filter>Quelldateien</Filter>
    </ClCompile>
    <ClCompile Include="..\..\..\libraries\libcurl\cf-h1-proxy.c">
      <Filter>Quelldateien</Filter>
    </ClCompile>
    <ClCompile Include="..\..\..\libraries\libcurl\cf-h2-proxy.c">
      <Filter>Quelldateien</Filter>
    </ClCompile>
    <ClCompile Include="..\..\..\libraries\libcurl\cf-haproxy.c">
      <Filter>Quelldateien</Filter>
    </ClCompile>
    <ClCompile Include="..\..\..\libraries\libcurl\cf-https-connect.c">
      <Filter>Quelldateien</Filter>
    </ClCompile>
    <ClCompile Include="..\..\..\libraries\libcurl\cf-socket.c">
      <Filter>Quelldateien</Filter>
    </ClCompile>
    <ClCompile Include="..\..\..\libraries\libcurl\dynhds.c">
      <Filter>Quelldateien</Filter>
    </ClCompile>
    <ClCompile Include="..\..\..\libraries\libcurl\curl_trc.c">
      <Filter>Quelldateien</Filter>
    </ClCompile>
    <ClCompile Include="..\..\..\libraries\libcurl\http1.c">
      <Filter>Quelldateien</Filter>
    </ClCompile>
    <ClCompile Include="..\..\..\libraries\libcurl\vquic\curl_osslq.c">
      <Filter>Quelldateien\vquic</Filter>
    </ClCompile>
    <ClCompile Include="..\..\..\libraries\libcurl\vquic\vquic-tls.c">
      <Filter>Quelldateien\vquic</Filter>
    </ClCompile>
  </ItemGroup>
  <ItemGroup>
    <ClInclude Include="..\..\..\libraries\libcurl\amigaos.h">
      <Filter>Headerdateien</Filter>
    </ClInclude>
    <ClInclude Include="..\..\..\libraries\libcurl\arpa_telnet.h">
      <Filter>Headerdateien</Filter>
    </ClInclude>
    <ClInclude Include="..\..\..\libraries\libcurl\asyn.h">
      <Filter>Headerdateien</Filter>
    </ClInclude>
    <ClInclude Include="..\..\..\libraries\libcurl\config-win32.h">
      <Filter>Headerdateien</Filter>
    </ClInclude>
    <ClInclude Include="..\..\..\libraries\libcurl\conncache.h">
      <Filter>Headerdateien</Filter>
    </ClInclude>
    <ClInclude Include="..\..\..\libraries\libcurl\connect.h">
      <Filter>Headerdateien</Filter>
    </ClInclude>
    <ClInclude Include="..\..\..\libraries\libcurl\content_encoding.h">
      <Filter>Headerdateien</Filter>
    </ClInclude>
    <ClInclude Include="..\..\..\libraries\libcurl\cookie.h">
      <Filter>Headerdateien</Filter>
    </ClInclude>
    <ClInclude Include="..\..\..\libraries\libcurl\curl_addrinfo.h">
      <Filter>Headerdateien</Filter>
    </ClInclude>
    <ClInclude Include="..\..\..\libraries\libcurl\curl_base64.h">
      <Filter>Headerdateien</Filter>
    </ClInclude>
    <ClInclude Include="..\..\..\libraries\libcurl\curl_des.h">
      <Filter>Headerdateien</Filter>
    </ClInclude>
    <ClInclude Include="..\..\..\libraries\libcurl\curl_endian.h">
      <Filter>Headerdateien</Filter>
    </ClInclude>
    <ClInclude Include="..\..\..\libraries\libcurl\curl_fnmatch.h">
      <Filter>Headerdateien</Filter>
    </ClInclude>
    <ClInclude Include="..\..\..\libraries\libcurl\curl_gethostname.h">
      <Filter>Headerdateien</Filter>
    </ClInclude>
    <ClInclude Include="..\..\..\libraries\libcurl\curl_gssapi.h">
      <Filter>Headerdateien</Filter>
    </ClInclude>
    <ClInclude Include="..\..\..\libraries\libcurl\curl_hmac.h">
      <Filter>Headerdateien</Filter>
    </ClInclude>
    <ClInclude Include="..\..\..\libraries\libcurl\curl_ldap.h">
      <Filter>Headerdateien</Filter>
    </ClInclude>
    <ClInclude Include="..\..\..\libraries\libcurl\curl_md4.h">
      <Filter>Headerdateien</Filter>
    </ClInclude>
    <ClInclude Include="..\..\..\libraries\libcurl\curl_md5.h">
      <Filter>Headerdateien</Filter>
    </ClInclude>
    <ClInclude Include="..\..\..\libraries\libcurl\curl_memory.h">
      <Filter>Headerdateien</Filter>
    </ClInclude>
    <ClInclude Include="..\..\..\libraries\libcurl\curl_memrchr.h">
      <Filter>Headerdateien</Filter>
    </ClInclude>
    <ClInclude Include="..\..\..\libraries\libcurl\curl_multibyte.h">
      <Filter>Headerdateien</Filter>
    </ClInclude>
    <ClInclude Include="..\..\..\libraries\libcurl\curl_ntlm_core.h">
      <Filter>Headerdateien</Filter>
    </ClInclude>
    <ClInclude Include="..\..\..\libraries\libcurl\curl_ntlm_wb.h">
      <Filter>Headerdateien</Filter>
    </ClInclude>
    <ClInclude Include="..\..\..\libraries\libcurl\curl_printf.h">
      <Filter>Headerdateien</Filter>
    </ClInclude>
    <ClInclude Include="..\..\..\libraries\libcurl\curl_rtmp.h">
      <Filter>Headerdateien</Filter>
    </ClInclude>
    <ClInclude Include="..\..\..\libraries\libcurl\curl_sasl.h">
      <Filter>Headerdateien</Filter>
    </ClInclude>
    <ClInclude Include="..\..\..\libraries\libcurl\curl_setup.h">
      <Filter>Headerdateien</Filter>
    </ClInclude>
    <ClInclude Include="..\..\..\libraries\libcurl\curl_setup_once.h">
      <Filter>Headerdateien</Filter>
    </ClInclude>
    <ClInclude Include="..\..\..\libraries\libcurl\curl_sspi.h">
      <Filter>Headerdateien</Filter>
    </ClInclude>
    <ClInclude Include="..\..\..\libraries\libcurl\curl_threads.h">
      <Filter>Headerdateien</Filter>
    </ClInclude>
    <ClInclude Include="..\..\..\libraries\libcurl\curlx.h">
      <Filter>Headerdateien</Filter>
    </ClInclude>
    <ClInclude Include="..\..\..\libraries\libcurl\dict.h">
      <Filter>Headerdateien</Filter>
    </ClInclude>
    <ClInclude Include="..\..\..\libraries\libcurl\easyif.h">
      <Filter>Headerdateien</Filter>
    </ClInclude>
    <ClInclude Include="..\..\..\libraries\libcurl\escape.h">
      <Filter>Headerdateien</Filter>
    </ClInclude>
    <ClInclude Include="..\..\..\libraries\libcurl\file.h">
      <Filter>Headerdateien</Filter>
    </ClInclude>
    <ClInclude Include="..\..\..\libraries\libcurl\fileinfo.h">
      <Filter>Headerdateien</Filter>
    </ClInclude>
    <ClInclude Include="..\..\..\libraries\libcurl\formdata.h">
      <Filter>Headerdateien</Filter>
    </ClInclude>
    <ClInclude Include="..\..\..\libraries\libcurl\ftp.h">
      <Filter>Headerdateien</Filter>
    </ClInclude>
    <ClInclude Include="..\..\..\libraries\libcurl\ftplistparser.h">
      <Filter>Headerdateien</Filter>
    </ClInclude>
    <ClInclude Include="..\..\..\libraries\libcurl\getinfo.h">
      <Filter>Headerdateien</Filter>
    </ClInclude>
    <ClInclude Include="..\..\..\libraries\libcurl\gopher.h">
      <Filter>Headerdateien</Filter>
    </ClInclude>
    <ClInclude Include="..\..\..\libraries\libcurl\hash.h">
      <Filter>Headerdateien</Filter>
    </ClInclude>
    <ClInclude Include="..\..\..\libraries\libcurl\hostip.h">
      <Filter>Headerdateien</Filter>
    </ClInclude>
    <ClInclude Include="..\..\..\libraries\libcurl\http.h">
      <Filter>Headerdateien</Filter>
    </ClInclude>
    <ClInclude Include="..\..\..\libraries\libcurl\http_chunks.h">
      <Filter>Headerdateien</Filter>
    </ClInclude>
    <ClInclude Include="..\..\..\libraries\libcurl\http_digest.h">
      <Filter>Headerdateien</Filter>
    </ClInclude>
    <ClInclude Include="..\..\..\libraries\libcurl\http_negotiate.h">
      <Filter>Headerdateien</Filter>
    </ClInclude>
    <ClInclude Include="..\..\..\libraries\libcurl\http_ntlm.h">
      <Filter>Headerdateien</Filter>
    </ClInclude>
    <ClInclude Include="..\..\..\libraries\libcurl\http_proxy.h">
      <Filter>Headerdateien</Filter>
    </ClInclude>
    <ClInclude Include="..\..\..\libraries\libcurl\http2.h">
      <Filter>Headerdateien</Filter>
    </ClInclude>
    <ClInclude Include="..\..\..\libraries\libcurl\if2ip.h">
      <Filter>Headerdateien</Filter>
    </ClInclude>
    <ClInclude Include="..\..\..\libraries\libcurl\imap.h">
      <Filter>Headerdateien</Filter>
    </ClInclude>
    <ClInclude Include="..\..\..\libraries\libcurl\inet_ntop.h">
      <Filter>Headerdateien</Filter>
    </ClInclude>
    <ClInclude Include="..\..\..\libraries\libcurl\inet_pton.h">
      <Filter>Headerdateien</Filter>
    </ClInclude>
    <ClInclude Include="..\..\..\libraries\libcurl\llist.h">
      <Filter>Headerdateien</Filter>
    </ClInclude>
    <ClInclude Include="..\..\..\libraries\libcurl\memdebug.h">
      <Filter>Headerdateien</Filter>
    </ClInclude>
    <ClInclude Include="..\..\..\libraries\libcurl\multihandle.h">
      <Filter>Headerdateien</Filter>
    </ClInclude>
    <ClInclude Include="..\..\..\libraries\libcurl\multiif.h">
      <Filter>Headerdateien</Filter>
    </ClInclude>
    <ClInclude Include="..\..\..\libraries\libcurl\netrc.h">
      <Filter>Headerdateien</Filter>
    </ClInclude>
    <ClInclude Include="..\..\..\libraries\libcurl\nonblock.h">
      <Filter>Headerdateien</Filter>
    </ClInclude>
    <ClInclude Include="..\..\..\libraries\libcurl\parsedate.h">
      <Filter>Headerdateien</Filter>
    </ClInclude>
    <ClInclude Include="..\..\..\libraries\libcurl\pingpong.h">
      <Filter>Headerdateien</Filter>
    </ClInclude>
    <ClInclude Include="..\..\..\libraries\libcurl\pop3.h">
      <Filter>Headerdateien</Filter>
    </ClInclude>
    <ClInclude Include="..\..\..\libraries\libcurl\progress.h">
      <Filter>Headerdateien</Filter>
    </ClInclude>
    <ClInclude Include="..\..\..\libraries\libcurl\rand.h">
      <Filter>Headerdateien</Filter>
    </ClInclude>
    <ClInclude Include="..\..\..\libraries\libcurl\rtsp.h">
      <Filter>Headerdateien</Filter>
    </ClInclude>
    <ClInclude Include="..\..\..\libraries\libcurl\select.h">
      <Filter>Headerdateien</Filter>
    </ClInclude>
    <ClInclude Include="..\..\..\libraries\libcurl\sendf.h">
      <Filter>Headerdateien</Filter>
    </ClInclude>
    <ClInclude Include="..\..\..\libraries\libcurl\setup-os400.h">
      <Filter>Headerdateien</Filter>
    </ClInclude>
    <ClInclude Include="..\..\..\libraries\libcurl\setup-vms.h">
      <Filter>Headerdateien</Filter>
    </ClInclude>
    <ClInclude Include="..\..\..\libraries\libcurl\share.h">
      <Filter>Headerdateien</Filter>
    </ClInclude>
    <ClInclude Include="..\..\..\libraries\libcurl\sigpipe.h">
      <Filter>Headerdateien</Filter>
    </ClInclude>
    <ClInclude Include="..\..\..\libraries\libcurl\slist.h">
      <Filter>Headerdateien</Filter>
    </ClInclude>
    <ClInclude Include="..\..\..\libraries\libcurl\smb.h">
      <Filter>Headerdateien</Filter>
    </ClInclude>
    <ClInclude Include="..\..\..\libraries\libcurl\smtp.h">
      <Filter>Headerdateien</Filter>
    </ClInclude>
    <ClInclude Include="..\..\..\libraries\libcurl\sockaddr.h">
      <Filter>Headerdateien</Filter>
    </ClInclude>
    <ClInclude Include="..\..\..\libraries\libcurl\socks.h">
      <Filter>Headerdateien</Filter>
    </ClInclude>
    <ClInclude Include="..\..\..\libraries\libcurl\speedcheck.h">
      <Filter>Headerdateien</Filter>
    </ClInclude>
    <ClInclude Include="..\..\..\libraries\libcurl\splay.h">
      <Filter>Headerdateien</Filter>
    </ClInclude>
    <ClInclude Include="..\..\..\libraries\libcurl\strcase.h">
      <Filter>Headerdateien</Filter>
    </ClInclude>
    <ClInclude Include="..\..\..\libraries\libcurl\strdup.h">
      <Filter>Headerdateien</Filter>
    </ClInclude>
    <ClInclude Include="..\..\..\libraries\libcurl\strerror.h">
      <Filter>Headerdateien</Filter>
    </ClInclude>
    <ClInclude Include="..\..\..\libraries\libcurl\strtok.h">
      <Filter>Headerdateien</Filter>
    </ClInclude>
    <ClInclude Include="..\..\..\libraries\libcurl\strtoofft.h">
      <Filter>Headerdateien</Filter>
    </ClInclude>
    <ClInclude Include="..\..\..\libraries\libcurl\system_win32.h">
      <Filter>Headerdateien</Filter>
    </ClInclude>
    <ClInclude Include="..\..\..\libraries\libcurl\telnet.h">
      <Filter>Headerdateien</Filter>
    </ClInclude>
    <ClInclude Include="..\..\..\libraries\libcurl\tftp.h">
      <Filter>Headerdateien</Filter>
    </ClInclude>
    <ClInclude Include="..\..\..\libraries\libcurl\timeval.h">
      <Filter>Headerdateien</Filter>
    </ClInclude>
    <ClInclude Include="..\..\..\libraries\libcurl\transfer.h">
      <Filter>Headerdateien</Filter>
    </ClInclude>
    <ClInclude Include="..\..\..\libraries\libcurl\url.h">
      <Filter>Headerdateien</Filter>
    </ClInclude>
    <ClInclude Include="..\..\..\libraries\libcurl\urldata.h">
      <Filter>Headerdateien</Filter>
    </ClInclude>
    <ClInclude Include="..\..\..\libraries\libcurl\warnless.h">
      <Filter>Headerdateien</Filter>
    </ClInclude>
    <ClInclude Include="..\..\..\libraries\libcurl\vauth\digest.h">
      <Filter>Headerdateien\vauth</Filter>
    </ClInclude>
    <ClInclude Include="..\..\..\libraries\libcurl\vauth\ntlm.h">
      <Filter>Headerdateien\vauth</Filter>
    </ClInclude>
    <ClInclude Include="..\..\..\libraries\libcurl\vauth\vauth.h">
      <Filter>Headerdateien\vauth</Filter>
    </ClInclude>
    <ClInclude Include="..\..\..\libraries\libcurl\vtls\gtls.h">
      <Filter>Headerdateien\vtls</Filter>
    </ClInclude>
    <ClInclude Include="..\..\..\libraries\libcurl\vtls\mbedtls.h">
      <Filter>Headerdateien\vtls</Filter>
    </ClInclude>
    <ClInclude Include="..\..\..\libraries\libcurl\vtls\openssl.h">
      <Filter>Headerdateien\vtls</Filter>
    </ClInclude>
    <ClInclude Include="..\..\..\libraries\libcurl\vtls\schannel.h">
      <Filter>Headerdateien\vtls</Filter>
    </ClInclude>
    <ClInclude Include="..\..\..\libraries\libcurl\vtls\vtls.h">
      <Filter>Headerdateien\vtls</Filter>
    </ClInclude>
    <ClInclude Include="..\..\..\libraries\libcurl\mime.h">
      <Filter>Headerdateien</Filter>
    </ClInclude>
    <ClInclude Include="..\..\..\libraries\libcurl\vquic\vquic.h">
      <Filter>Headerdateien\vquic</Filter>
    </ClInclude>
    <ClInclude Include="..\..\..\libraries\libcurl\vssh\ssh.h">
      <Filter>Headerdateien\vssh</Filter>
    </ClInclude>
    <ClInclude Include="..\..\..\libraries\libcurl\dynbuf.h">
      <Filter>Headerdateien</Filter>
    </ClInclude>
    <ClInclude Include="..\..\..\libraries\libcurl\easyoptions.h">
      <Filter>Headerdateien</Filter>
    </ClInclude>
    <ClInclude Include="..\..\..\libraries\libcurl\mqtt.h">
      <Filter>Headerdateien</Filter>
    </ClInclude>
    <ClInclude Include="..\..\..\libraries\libcurl\rename.h">
      <Filter>Headerdateien</Filter>
    </ClInclude>
    <ClInclude Include="..\..\..\libraries\libcurl\setup-win32.h">
      <Filter>Headerdateien</Filter>
    </ClInclude>
    <ClInclude Include="..\..\..\libraries\libcurl\version_win32.h">
      <Filter>Headerdateien</Filter>
    </ClInclude>
    <ClInclude Include="..\..\..\libraries\libcurl\vtls\keylog.h">
      <Filter>Headerdateien\vtls</Filter>
    </ClInclude>
    <ClInclude Include="..\..\..\libraries\libcurl\vtls\mbedtls_threadlock.h">
      <Filter>Headerdateien\vtls</Filter>
    </ClInclude>
    <ClInclude Include="..\..\..\libraries\libcurl\curl_krb5.h">
      <Filter>Headerdateien</Filter>
    </ClInclude>
    <ClInclude Include="..\..\..\libraries\libcurl\c-hyper.h">
      <Filter>Headerdateien</Filter>
    </ClInclude>
    <ClInclude Include="..\..\..\libraries\libcurl\hsts.h">
      <Filter>Headerdateien</Filter>
    </ClInclude>
    <ClInclude Include="..\..\..\libraries\libcurl\http_aws_sigv4.h">
      <Filter>Headerdateien</Filter>
    </ClInclude>
    <ClInclude Include="..\..\..\libraries\libcurl\vtls\rustls.h">
      <Filter>Headerdateien\vtls</Filter>
    </ClInclude>
    <ClInclude Include="..\..\..\libraries\libcurl\bufref.h">
      <Filter>Headerdateien</Filter>
    </ClInclude>
    <ClInclude Include="..\..\..\libraries\libcurl\cfilters.h">
      <Filter>Headerdateien</Filter>
    </ClInclude>
    <ClInclude Include="..\..\..\libraries\libcurl\easy_lock.h">
      <Filter>Headerdateien</Filter>
    </ClInclude>
    <ClInclude Include="..\..\..\libraries\libcurl\fopen.h">
      <Filter>Headerdateien</Filter>
    </ClInclude>
    <ClInclude Include="..\..\..\libraries\libcurl\idn.h">
      <Filter>Headerdateien</Filter>
    </ClInclude>
    <ClInclude Include="..\..\..\libraries\libcurl\timediff.h">
      <Filter>Headerdateien</Filter>
    </ClInclude>
    <ClInclude Include="..\..\..\libraries\libcurl\ws.h">
      <Filter>Headerdateien</Filter>
    </ClInclude>
    <ClInclude Include="..\..\..\libraries\libcurl\functypes.h">
      <Filter>Headerdateien</Filter>
    </ClInclude>
    <ClInclude Include="..\..\..\libraries\libcurl\headers.h">
      <Filter>Headerdateien</Filter>
    </ClInclude>
    <ClInclude Include="..\..\..\libraries\libcurl\noproxy.h">
      <Filter>Headerdateien</Filter>
    </ClInclude>
    <ClInclude Include="..\..\..\libraries\libcurl\vtls\vtls_int.h">
      <Filter>Headerdateien\vtls</Filter>
    </ClInclude>
    <ClInclude Include="..\..\..\libraries\libcurl\vquic\curl_msh3.h">
      <Filter>Headerdateien\vquic</Filter>
    </ClInclude>
    <ClInclude Include="..\..\..\libraries\libcurl\vquic\curl_ngtcp2.h">
      <Filter>Headerdateien\vquic</Filter>
    </ClInclude>
    <ClInclude Include="..\..\..\libraries\libcurl\vquic\curl_quiche.h">
      <Filter>Headerdateien\vquic</Filter>
    </ClInclude>
    <ClInclude Include="..\..\..\libraries\libcurl\vquic\vquic_int.h">
      <Filter>Headerdateien\vquic</Filter>
    </ClInclude>
    <ClInclude Include="..\..\..\libraries\libcurl\bufq.h">
      <Filter>Headerdateien</Filter>
    </ClInclude>
    <ClInclude Include="..\..\..\libraries\libcurl\cf-h1-proxy.h">
      <Filter>Headerdateien</Filter>
    </ClInclude>
    <ClInclude Include="..\..\..\libraries\libcurl\cf-h2-proxy.h">
      <Filter>Headerdateien</Filter>
    </ClInclude>
    <ClInclude Include="..\..\..\libraries\libcurl\cf-haproxy.h">
      <Filter>Headerdateien</Filter>
    </ClInclude>
    <ClInclude Include="..\..\..\libraries\libcurl\cf-https-connect.h">
      <Filter>Headerdateien</Filter>
    </ClInclude>
    <ClInclude Include="..\..\..\libraries\libcurl\cf-socket.h">
      <Filter>Headerdateien</Filter>
    </ClInclude>
    <ClInclude Include="..\..\..\libraries\libcurl\dynhds.h">
      <Filter>Headerdateien</Filter>
    </ClInclude>
    <ClInclude Include="..\..\..\libraries\libcurl\vtls\schannel_int.h">
      <Filter>Headerdateien\vtls</Filter>
    </ClInclude>
    <ClInclude Include="..\..\..\libraries\libcurl\curl_trc.h">
      <Filter>Headerdateien</Filter>
    </ClInclude>
    <ClInclude Include="..\..\..\libraries\libcurl\http1.h">
      <Filter>Headerdateien</Filter>
    </ClInclude>
    <ClInclude Include="..\..\..\libraries\libcurl\vquic\curl_osslq.h">
      <Filter>Headerdateien\vquic</Filter>
    </ClInclude>
    <ClInclude Include="..\..\..\libraries\libcurl\vquic\vquic-tls.h">
      <Filter>Headerdateien\vquic</Filter>
    </ClInclude>
  </ItemGroup>
</Project>